{
  "name": "astn-tokenizer-lib",
  "version": "0.1.7",
  "lockfileVersion": 2,
  "requires": true,
  "packages": {
    "": {
      "name": "astn-tokenizer-lib",
      "version": "0.1.7",
      "license": "ISC",
      "dependencies": {
        "astn-parser-api": "^0.2.1",
        "pareto-runtime": "^0.22.0"
      }
    },
    "node_modules/astn-parser-api": {
      "version": "0.2.1",
      "resolved": "https://registry.npmjs.org/astn-parser-api/-/astn-parser-api-0.2.1.tgz",
      "integrity": "sha512-UnLG+Q5rJ79AVXcnMJWMiD1sNyniCnwmadkzWrKlhDrDsPAyI6Ri0dzN6W13yH5bP1O+/HljNjhjSwiY+uk9HQ=="
    },
    "node_modules/pareto-runtime": {
      "version": "0.22.0",
      "resolved": "https://registry.npmjs.org/pareto-runtime/-/pareto-runtime-0.22.0.tgz",
      "integrity": "sha512-v4T0pCv+ARIKntB7ZjKqqXBmLDbMzhrMFP4XODpF7DkELWJina/DAr/UVuMYwnz32QN7O9AHunsCVnHOOcKfHQ=="
    }
  },
  "dependencies": {
    "astn-parser-api": {
      "version": "0.2.1",
      "resolved": "https://registry.npmjs.org/astn-parser-api/-/astn-parser-api-0.2.1.tgz",
      "integrity": "sha512-UnLG+Q5rJ79AVXcnMJWMiD1sNyniCnwmadkzWrKlhDrDsPAyI6Ri0dzN6W13yH5bP1O+/HljNjhjSwiY+uk9HQ=="
    },
    "pareto-runtime": {
      "version": "0.22.0",
      "resolved": "https://registry.npmjs.org/pareto-runtime/-/pareto-runtime-0.22.0.tgz",
      "integrity": "sha512-v4T0pCv+ARIKntB7ZjKqqXBmLDbMzhrMFP4XODpF7DkELWJina/DAr/UVuMYwnz32QN7O9AHunsCVnHOOcKfHQ=="
    }
  }
}
